// !$*UTF8*$!
{
	archiveVersion = 1;
	classes = {
	};
	objectVersion = 46;
	objects = {

/* Begin PBXBuildFile section */
		707A606315B0E18E006C998E /* Cocoa.framework in Frameworks */ = {isa = PBXBuildFile; fileRef = 707A606215B0E18E006C998E /* Cocoa.framework */; };
		707A606D15B0E18E006C998E /* InfoPlist.strings in Resources */ = {isa = PBXBuildFile; fileRef = 707A606B15B0E18E006C998E /* InfoPlist.strings */; };
		707A606F15B0E18E006C998E /* main.m in Sources */ = {isa = PBXBuildFile; fileRef = 707A606E15B0E18E006C998E /* main.m */; };
		707A607315B0E18E006C998E /* Credits.rtf in Resources */ = {isa = PBXBuildFile; fileRef = 707A607115B0E18E006C998E /* Credits.rtf */; };
		707A607615B0E18E006C998E /* AppDelegate.m in Sources */ = {isa = PBXBuildFile; fileRef = 707A607515B0E18E006C998E /* AppDelegate.m */; };
		707A607915B0E18F006C998E /* MainMenu.xib in Resources */ = {isa = PBXBuildFile; fileRef = 707A607715B0E18F006C998E /* MainMenu.xib */; };
/* End PBXBuildFile section */

/* Begin PBXFileReference section */
		707A605E15B0E18E006C998E /* Test Interface Builder.app */ = {isa = PBXFileReference; explicitFileType = wrapper.application; includeInIndex = 0; path = "Test Interface Builder.app"; sourceTree = BUILT_PRODUCTS_DIR; };
		707A606215B0E18E006C998E /* Cocoa.framework */ = {isa = PBXFileReference; lastKnownFileType = wrapper.framework; name = Cocoa.framework; path = System/Library/Frameworks/Cocoa.framework; sourceTree = SDKROOT; };
		707A606515B0E18E006C998E /* AppKit.framework */ = {isa = PBXFileReference; lastKnownFileType = wrapper.framework; name = AppKit.framework; path = System/Library/Frameworks/AppKit.framework; sourceTree = SDKROOT; };
		707A606615B0E18E006C998E /* CoreData.framework */ = {isa = PBXFileReference; lastKnownFileType = wrapper.framework; name = CoreData.framework; path = System/Library/Frameworks/CoreData.framework; sourceTree = SDKROOT; };
		707A606715B0E18E006C998E /* Foundation.framework */ = {isa = PBXFileReference; lastKnownFileType = wrapper.framework; name = Foundation.framework; path = System/Library/Frameworks/Foundation.framework; sourceTree = SDKROOT; };
		707A606A15B0E18E006C998E /* Test Interface Builder-Info.plist */ = {isa = PBXFileReference; lastKnownFileType = text.plist.xml; path = "Test Interface Builder-Info.plist"; sourceTree = "<group>"; };
		707A606C15B0E18E006C998E /* en */ = {isa = PBXFileReference; lastKnownFileType = text.plist.strings; name = en; path = en.lproj/InfoPlist.strings; sourceTree = "<group>"; };
		707A606E15B0E18E006C998E /* main.m */ = {isa = PBXFileReference; lastKnownFileType = sourcecode.c.objc; path = main.m; sourceTree = "<group>"; };
		707A607015B0E18E006C998E /* Test Interface Builder-Prefix.pch */ = {isa = PBXFileReference; lastKnownFileType = sourcecode.c.h; path = "Test Interface Builder-Prefix.pch"; sourceTree = "<group>"; };
		707A607215B0E18E006C998E /* en */ = {isa = PBXFileReference; lastKnownFileType = text.rtf; name = en; path = en.lproj/Credits.rtf; sourceTree = "<group>"; };
		707A607415B0E18E006C998E /* AppDelegate.h */ = {isa = PBXFileReference; lastKnownFileType = sourcecode.c.h; path = AppDelegate.h; sourceTree = "<group>"; };
		707A607515B0E18E006C998E /* AppDelegate.m */ = {isa = PBXFileReference; lastKnownFileType = sourcecode.c.objc; path = AppDelegate.m; sourceTree = "<group>"; };
		707A607815B0E18F006C998E /* en */ = {isa = PBXFileReference; lastKnownFileType = file.xib; name = en; path = en.lproj/MainMenu.xib; sourceTree = "<group>"; };
/* End PBXFileReference section */

/* Begin PBXFrameworksBuildPhase section */
		707A605B15B0E18E006C998E /* Frameworks */ = {
			isa = PBXFrameworksBuildPhase;
			buildActionMask = 2147483647;
			files = (
				707A606315B0E18E006C998E /* Cocoa.framework in Frameworks */,
			);
			runOnlyForDeploymentPostprocessing = 0;
		};
/* End PBXFrameworksBuildPhase section */

/* Begin PBXGroup section */
		707A605315B0E18E006C998E = {
			isa = PBXGroup;
			children = (
				707A606815B0E18E006C998E /* Test Interface Builder */,
				707A606115B0E18E006C998E /* Frameworks */,
				707A605F15B0E18E006C998E /* Products */,
			);
			sourceTree = "<group>";
		};
		707A605F15B0E18E006C998E /* Products */ = {
			isa = PBXGroup;
			children = (
				707A605E15B0E18E006C998E /* Test Interface Builder.app */,
			);
			name = Products;
			sourceTree = "<group>";
		};
		707A606115B0E18E006C998E /* Frameworks */ = {
			isa = PBXGroup;
			children = (
				707A606215B0E18E006C998E /* Cocoa.framework */,
				707A606415B0E18E006C998E /* Other Frameworks */,
			);
			name = Frameworks;
			sourceTree = "<group>";
		};
		707A606415B0E18E006C998E /* Other Frameworks */ = {
			isa = PBXGroup;
			children = (
				707A606515B0E18E006C998E /* AppKit.framework */,
				707A606615B0E18E006C998E /* CoreData.framework */,
				707A606715B0E18E006C998E /* Foundation.framework */,
			);
			name = "Other Frameworks";
			sourceTree = "<group>";
		};
		707A606815B0E18E006C998E /* Test Interface Builder */ = {
			isa = PBXGroup;
			children = (
				707A607415B0E18E006C998E /* AppDelegate.h */,
				707A607515B0E18E006C998E /* AppDelegate.m */,
				707A607715B0E18F006C998E /* MainMenu.xib */,
				707A606915B0E18E006C998E /* Supporting Files */,
			);
			path = "Test Interface Builder";
			sourceTree = "<group>";
		};
		707A606915B0E18E006C998E /* Supporting Files */ = {
			isa = PBXGroup;
			children = (
				707A606A15B0E18E006C998E /* Test Interface Builder-Info.plist */,
				707A606B15B0E18E006C998E /* InfoPlist.strings */,
				707A606E15B0E18E006C998E /* main.m */,
				707A607015B0E18E006C998E /* Test Interface Builder-Prefix.pch */,
				707A607115B0E18E006C998E /* Credits.rtf */,
			);
			name = "Supporting Files";
			sourceTree = "<group>";
		};
/* End PBXGroup section */

/* Begin PBXNativeTarget section */
		707A605D15B0E18E006C998E /* Test Interface Builder */ = {
			isa = PBXNativeTarget;
			buildConfigurationList = 707A607C15B0E18F006C998E /* Build configuration list for PBXNativeTarget "Test Interface Builder" */;
			buildPhases = (
				707A605A15B0E18E006C998E /* Sources */,
				707A605B15B0E18E006C998E /* Frameworks */,
				707A605C15B0E18E006C998E /* Resources */,
			);
			buildRules = (
			);
			dependencies = (
			);
			name = "Test Interface Builder";
			productName = "Test Interface Builder";
			productReference = 707A605E15B0E18E006C998E /* Test Interface Builder.app */;
			productType = "com.apple.product-type.application";
		};
/* End PBXNativeTarget section */

/* Begin PBXProject section */
		707A605515B0E18E006C998E /* Project object */ = {
			isa = PBXProject;
			attributes = {
				LastUpgradeCheck = 0430;
				ORGANIZATIONNAME = DUALBOOT;
			};
			buildConfigurationList = 707A605815B0E18E006C998E /* Build configuration list for PBXProject "Test Interface Builder" */;
			compatibilityVersion = "Xcode 3.2";
			developmentRegion = English;
			hasScannedForEncodings = 0;
			knownRegions = (
				en,
			);
			mainGroup = 707A605315B0E18E006C998E;
			productRefGroup = 707A605F15B0E18E006C998E /* Products */;
			projectDirPath = "";
			projectRoot = "";
			targets = (
				707A605D15B0E18E006C998E /* Test Interface Builder */,
			);
		};
/* End PBXProject section */

/* Begin PBXResourcesBuildPhase section */
		707A605C15B0E18E006C998E /* Resources */ = {
			isa = PBXResourcesBuildPhase;
			buildActionMask = 2147483647;
			files = (
				707A606D15B0E18E006C998E /* InfoPlist.strings in Resources */,
				707A607315B0E18E006C998E /* Credits.rtf in Resources */,
				707A607915B0E18F006C998E /* MainMenu.xib in Resources */,
			);
			runOnlyForDeploymentPostprocessing = 0;
		};
/* End PBXResourcesBuildPhase section */

/* Begin PBXSourcesBuildPhase section */
		707A605A15B0E18E006C998E /* Sources */ = {
			isa = PBXSourcesBuildPhase;
			buildActionMask = 2147483647;
			files = (
				707A606F15B0E18E006C998E /* main.m in Sources */,
				707A607615B0E18E006C998E /* AppDelegate.m in Sources */,
			);
			runOnlyForDeploymentPostprocessing = 0;
		};
/* End PBXSourcesBuildPhase section */

/* Begin PBXVariantGroup section */
		707A606B15B0E18E006C998E /* InfoPlist.strings */ = {
			isa = PBXVariantGroup;
			children = (
				707A606C15B0E18E006C998E /* en */,
			);
			name = InfoPlist.strings;
			sourceTree = "<group>";
		};
		707A607115B0E18E006C998E /* Credits.rtf */ = {
			isa = PBXVariantGroup;
			children = (
				707A607215B0E18E006C998E /* en */,
			);
			name = Credits.rtf;
			sourceTree = "<group>";
		};
		707A607715B0E18F006C998E /* MainMenu.xib */ = {
			isa = PBXVariantGroup;
			children = (
				707A607815B0E18F006C998E /* en */,
			);
			name = MainMenu.xib;
			sourceTree = "<group>";
		};
/* End PBXVariantGroup section */

/* Begin XCBuildConfiguration section */
		707A607A15B0E18F006C998E /* Debug */ = {
			isa = XCBuildConfiguration;
			buildSettings = {
				ALWAYS_SEARCH_USER_PATHS = NO;
				ARCHS = "$(ARCHS_STANDARD_64_BIT)";
				CLANG_ENABLE_OBJC_ARC = YES;
				COPY_PHASE_STRIP = NO;
				GCC_C_LANGUAGE_STANDARD = gnu99;
				GCC_DYNAMIC_NO_PIC = NO;
				GCC_ENABLE_OBJC_EXCEPTIONS = YES;
				GCC_OPTIMIZATION_LEVEL = 0;
				GCC_PREPROCESSOR_DEFINITIONS = (
					"DEBUG=1",
					"$(inherited)",
				);
				GCC_SYMBOLS_PRIVATE_EXTERN = NO;
				GCC_VERSION = com.apple.compilers.llvm.clang.1_0;
				GCC_WARN_64_TO_32_BIT_CONVERSION = YES;
				GCC_WARN_ABOUT_RETURN_TYPE = YES;
				GCC_WARN_UNINITIALIZED_AUTOS = YES;
				GCC_WARN_UNUSED_VARIABLE = YES;
				MACOSX_DEPLOYMENT_TARGET = 10.7;
				ONLY_ACTIVE_ARCH = YES;
				SDKROOT = macosx;
			};
			name = Debug;
		};
		707A607B15B0E18F006C998E /* Release */ = {
			isa = XCBuildConfiguration;
			buildSettings = {
				ALWAYS_SEARCH_USER_PATHS = NO;
				ARCHS = "$(ARCHS_STANDARD_64_BIT)";
				CLANG_ENABLE_OBJC_ARC = YES;
				COPY_PHASE_STRIP = YES;
				DEBUG_INFORMATION_FORMAT = "dwarf-with-dsym";
				GCC_C_LANGUAGE_STANDARD = gnu99;
				GCC_ENABLE_OBJC_EXCEPTIONS = YES;
				GCC_VERSION = com.apple.compilers.llvm.clang.1_0;
				GCC_WARN_64_TO_32_BIT_CONVERSION = YES;
				GCC_WARN_ABOUT_RETURN_TYPE = YES;
				GCC_WARN_UNINITIALIZED_AUTOS = YES;
				GCC_WARN_UNUSED_VARIABLE = YES;
				MACOSX_DEPLOYMENT_TARGET = 10.7;
				SDKROOT = macosx;
			};
			name = Release;
		};
		707A607D15B0E18F006C998E /* Debug */ = {
			isa = XCBuildConfiguration;
			buildSettings = {
				GCC_PRECOMPILE_PREFIX_HEADER = YES;
				GCC_PREFIX_HEADER = "Test Interface Builder/Test Interface Builder-Prefix.pch";
				INFOPLIST_FILE = "Test Interface Builder/Test Interface Builder-Info.plist";
				PRODUCT_NAME = "$(TARGET_NAME)";
				WRAPPER_EXTENSION = app;
			};
			name = Debug;
		};
		707A607E15B0E18F006C998E /* Release */ = {
			isa = XCBuildConfiguration;
			buildSettings = {
				GCC_PRECOMPILE_PREFIX_HEADER = YES;
				GCC_PREFIX_HEADER = "Test Interface Builder/Test Interface Builder-Prefix.pch";
				INFOPLIST_FILE = "Test Interface Builder/Test Interface Builder-Info.plist";
				PRODUCT_NAME = "$(TARGET_NAME)";
				WRAPPER_EXTENSION = app;
			};
			name = Release;
		};
/* End XCBuildConfiguration section */

/* Begin XCConfigurationList section */
		707A605815B0E18E006C998E /* Build configuration list for PBXProject "Test Interface Builder" */ = {
			isa = XCConfigurationList;
			buildConfigurations = (
				707A607A15B0E18F006C998E /* Debug */,
				707A607B15B0E18F006C998E /* Release */,
			);
			defaultConfigurationIsVisible = 0;
			defaultConfigurationName = Release;
		};
		707A607C15B0E18F006C998E /* Build configuration list for PBXNativeTarget "Test Interface Builder" */ = {
			isa = XCConfigurationList;
			buildConfigurations = (
				707A607D15B0E18F006C998E /* Debug */,
				707A607E15B0E18F006C998E /* Release */,
			);
			defaultConfigurationIsVisible = 0;
		};
/* End XCConfigurationList section */
	};
	rootObject = 707A605515B0E18E006C998E /* Project object */;
}
